{
  "name": "@vitebo/module-2",
  "version": "1.0.6",
  "lockfileVersion": 1,
  "requires": true,
  "dependencies": {
    "@vitebo/module-1": {
      "version": "1.0.7",
      "resolved": "https://registry.npmjs.org/@vitebo/module-1/-/module-1-1.0.7.tgz",
      "integrity": "sha512-6oLObjB9pUYPXEOeh3x2N/p9ooqf4VRqegGAKoF9SFbUQTEO/t0mTrZA5ffzbVm0x371pCcdYl5eLScV3Tj0Mg=="
    }
  }
}
